{
  "name": "@kingzyphor/devtools-cli",
  "version": "1.0.0",
  "lockfileVersion": 3,
  "requires": true,
  "packages": {
    "": {
      "name": "@kingzyphor/devtools-cli",
      "version": "1.0.0",
      "license": "MIT",
      "bin": {
        "devtools": "bin/devtools",
        "dt": "bin/devtools"
      },
      "engines": {
        "node": ">=12"
      }
    }
  }
}
